
Microsoft Visual Studio Solution File, Format Version 12.00
# Visual Studio 15
VisualStudioVersion = 15.0.28307.1758
MinimumVisualStudioVersion = 10.0.40219.1
Project("{FAE04EC0-301F-11D3-BF4B-00C04F79EFBC}") = "GenericTest", "Generic\GenericTest.csproj", "{FA69C80F-90F1-4BE9-B7FF-06D80F755BAD}"
EndProject
Global
	GlobalSection(SolutionConfigurationPlatforms) = preSolution
		Debug|Any CPU = Debug|Any CPU
		Release|Any CPU = Release|Any CPU
	EndGlobalSection
	GlobalSection(ProjectConfigurationPlatforms) = postSolution
		{FA69C80F-90F1-4BE9-B7FF-06D80F755BAD}.Debug|Any CPU.ActiveCfg = Debug|Any CPU
		{FA69C80F-90F1-4BE9-B7FF-06D80F755BAD}.Debug|Any CPU.Build.0 = Debug|Any CPU
		{FA69C80F-90F1-4BE9-B7FF-06D80F755BAD}.Release|Any CPU.ActiveCfg = Release|Any CPU
		{FA69C80F-90F1-4BE9-B7FF-06D80F755BAD}.Release|Any CPU.Build.0 = Release|Any CPU
	EndGlobalSection
	GlobalSection(SolutionProperties) = preSolution
		HideSolutionNode = FALSE
	EndGlobalSection
	GlobalSection(ExtensibilityGlobals) = postSolution
		SolutionGuid = {C091DFA5-374C-4D12-B26B-FFB4366D4623}
	EndGlobalSection
EndGlobal
